
Microsoft Visual Studio Solution File, Format Version 11.00
# Visual Studio 2010
Project("{FAE04EC0-301F-11D3-BF4B-00C04F79EFBC}") = "Assembly-CSharp", "Assembly-CSharp.csproj", "{4abed590-5bc2-878f-769e-fc5b6137e649}"
EndProject
Project("{FAE04EC0-301F-11D3-BF4B-00C04F79EFBC}") = "Assembly-CSharp-firstpass", "Assembly-CSharp-firstpass.csproj", "{df20a168-68b2-65d8-bc0e-1ff8f4555506}"
EndProject
Project("{FAE04EC0-301F-11D3-BF4B-00C04F79EFBC}") = "Assembly-CSharp-Editor-firstpass", "Assembly-CSharp-Editor-firstpass.csproj", "{68e2f043-5c4a-498c-b967-da05875c8903}"
EndProject
Global
	GlobalSection(SolutionConfigurationPlatforms) = preSolution
		Debug|Any CPU = Debug|Any CPU
	EndGlobalSection
	GlobalSection(ProjectConfigurationPlatforms) = postSolution
		{4abed590-5bc2-878f-769e-fc5b6137e649}.Debug|Any CPU.ActiveCfg = Debug|Any CPU
		{4abed590-5bc2-878f-769e-fc5b6137e649}.Debug|Any CPU.Build.0 = Debug|Any CPU
		{df20a168-68b2-65d8-bc0e-1ff8f4555506}.Debug|Any CPU.ActiveCfg = Debug|Any CPU
		{df20a168-68b2-65d8-bc0e-1ff8f4555506}.Debug|Any CPU.Build.0 = Debug|Any CPU
		{68e2f043-5c4a-498c-b967-da05875c8903}.Debug|Any CPU.ActiveCfg = Debug|Any CPU
		{68e2f043-5c4a-498c-b967-da05875c8903}.Debug|Any CPU.Build.0 = Debug|Any CPU
	EndGlobalSection
	GlobalSection(SolutionProperties) = preSolution
		HideSolutionNode = FALSE
	EndGlobalSection
EndGlobal
